{
  "version": "4",
  "specifiers": {
    "npm:@ipld/dag-pb@*": "4.1.3"
  },
  "npm": {
    "@ipld/dag-pb@4.1.3": {
      "integrity": "sha512-ueULCaaSCcD+dQga6nKiRr+RSeVgdiYiEPKVUu5iQMNYDN+9osd0KpR3UDd9uQQ+6RWuv9L34SchfEwj7YIbOA==",
      "dependencies": [
        "multiformats"
      ]
    },
    "multiformats@13.3.1": {
      "integrity": "sha512-QxowxTNwJ3r5RMctoGA5p13w5RbRT2QDkoM+yFlqfLiioBp78nhDjnRLvmSBI9+KAqN4VdgOVWM9c0CHd86m3g=="
    }
  },
  "workspace": {
    "dependencies": [
      "npm:@ipld/dag-pb@^4.1.3"
    ]
  }
}
